
Microsoft Visual Studio Solution File, Format Version 12.00
# Visual Studio Version 17
VisualStudioVersion = 17.4.33213.308
MinimumVisualStudioVersion = 10.0.40219.1
Project("{FAE04EC0-301F-11D3-BF4B-00C04F79EFBC}") = "Coffee", "Coffee\Coffee.csproj", "{92406A03-6317-4E6A-939F-73D1290B26FC}"
EndProject
Global
	GlobalSection(SolutionConfigurationPlatforms) = preSolution
		Debug|Any CPU = Debug|Any CPU
		Release|Any CPU = Release|Any CPU
	EndGlobalSection
	GlobalSection(ProjectConfigurationPlatforms) = postSolution
		{92406A03-6317-4E6A-939F-73D1290B26FC}.Debug|Any CPU.ActiveCfg = Debug|Any CPU
		{92406A03-6317-4E6A-939F-73D1290B26FC}.Debug|Any CPU.Build.0 = Debug|Any CPU
		{92406A03-6317-4E6A-939F-73D1290B26FC}.Release|Any CPU.ActiveCfg = Release|Any CPU
		{92406A03-6317-4E6A-939F-73D1290B26FC}.Release|Any CPU.Build.0 = Release|Any CPU
	EndGlobalSection
	GlobalSection(SolutionProperties) = preSolution
		HideSolutionNode = FALSE
	EndGlobalSection
	GlobalSection(ExtensibilityGlobals) = postSolution
		SolutionGuid = {4C2D3818-C97B-4F20-B5E2-EDBE1A840E50}
	EndGlobalSection
EndGlobal
